// !$*UTF8*$!
{
	archiveVersion = 1;
	classes = {
	};
	objectVersion = 46;
	objects = {

/* Begin PBXBuildFile section */
		A00151B61E4071E600398B58 /* GameResultView.swift in Sources */ = {isa = PBXBuildFile; fileRef = A00151B51E4071E600398B58 /* GameResultView.swift */; };
		A00151B91E40763E00398B58 /* refresh.png in Resources */ = {isa = PBXBuildFile; fileRef = A00151B81E40763E00398B58 /* refresh.png */; };
		A03A49A51E32F9EE0047D433 /* Level.plist in Resources */ = {isa = PBXBuildFile; fileRef = A03A49A41E32F9EE0047D433 /* Level.plist */; };
		A03A49B21E3301660047D433 /* Users+CoreDataClass.swift in Sources */ = {isa = PBXBuildFile; fileRef = A03A49AE1E3301660047D433 /* Users+CoreDataClass.swift */; };
		A03A49B31E3301660047D433 /* Users+CoreDataProperties.swift in Sources */ = {isa = PBXBuildFile; fileRef = A03A49AF1E3301660047D433 /* Users+CoreDataProperties.swift */; };
		A03A49B41E3301660047D433 /* PlayIResults+CoreDataClass.swift in Sources */ = {isa = PBXBuildFile; fileRef = A03A49B01E3301660047D433 /* PlayIResults+CoreDataClass.swift */; };
		A03A49B51E3301660047D433 /* PlayIResults+CoreDataProperties.swift in Sources */ = {isa = PBXBuildFile; fileRef = A03A49B11E3301660047D433 /* PlayIResults+CoreDataProperties.swift */; };
		A085FC0F1E362C3B005DC653 /* LevelResponse.swift in Sources */ = {isa = PBXBuildFile; fileRef = A085FC0E1E362C3B005DC653 /* LevelResponse.swift */; };
		A08B434E1E22494A00D5AF7E /* BallView.swift in Sources */ = {isa = PBXBuildFile; fileRef = A08B434D1E22494A00D5AF7E /* BallView.swift */; };
		A08B43501E224DCA00D5AF7E /* BreakBehavior.swift in Sources */ = {isa = PBXBuildFile; fileRef = A08B434F1E224DCA00D5AF7E /* BreakBehavior.swift */; };
		A08BA0451E46B13D00019428 /* UserManager.swift in Sources */ = {isa = PBXBuildFile; fileRef = A08BA0441E46B13D00019428 /* UserManager.swift */; };
		A08D4D781E376BAF005C342C /* GameEngine.swift in Sources */ = {isa = PBXBuildFile; fileRef = A08D4D771E376BAF005C342C /* GameEngine.swift */; };
		A091A6BF1E3E18A10025D2C2 /* backGroundMusic_1.mp3 in Resources */ = {isa = PBXBuildFile; fileRef = A091A6B71E3E18A10025D2C2 /* backGroundMusic_1.mp3 */; };
		A091A6C01E3E18A10025D2C2 /* backGroundMusic_2.mp3 in Resources */ = {isa = PBXBuildFile; fileRef = A091A6B81E3E18A10025D2C2 /* backGroundMusic_2.mp3 */; };
		A091A6C11E3E18A10025D2C2 /* backGroundMusic_3.mp3 in Resources */ = {isa = PBXBuildFile; fileRef = A091A6B91E3E18A10025D2C2 /* backGroundMusic_3.mp3 */; };
		A091A6C31E3E18A10025D2C2 /* collision.wav in Resources */ = {isa = PBXBuildFile; fileRef = A091A6BB1E3E18A10025D2C2 /* collision.wav */; };
		A091A6C41E3E18A10025D2C2 /* fallingOn.mp3 in Resources */ = {isa = PBXBuildFile; fileRef = A091A6BC1E3E18A10025D2C2 /* fallingOn.mp3 */; };
		A091A6C51E3E18A10025D2C2 /* gameOver.wav in Resources */ = {isa = PBXBuildFile; fileRef = A091A6BD1E3E18A10025D2C2 /* gameOver.wav */; };
		A091A6C61E3E18A10025D2C2 /* gameWin.wav in Resources */ = {isa = PBXBuildFile; fileRef = A091A6BE1E3E18A10025D2C2 /* gameWin.wav */; };
		A091A6C81E3E1A720025D2C2 /* backGroundMusic_4.mp3 in Resources */ = {isa = PBXBuildFile; fileRef = A091A6C71E3E1A720025D2C2 /* backGroundMusic_4.mp3 */; };
		A091A6CA1E3E1AAC0025D2C2 /* AudioHandler.swift in Sources */ = {isa = PBXBuildFile; fileRef = A091A6C91E3E1AAC0025D2C2 /* AudioHandler.swift */; };
		A093942F1E32F50F006C7E2E /* Drop.xcdatamodeld in Sources */ = {isa = PBXBuildFile; fileRef = A093942D1E32F50F006C7E2E /* Drop.xcdatamodeld */; };
		A09413AB1E4F2B2A002FD070 /* pause.png in Resources */ = {isa = PBXBuildFile; fileRef = A09413A91E4F2B2A002FD070 /* pause.png */; };
		A09413AC1E4F2B2A002FD070 /* start.png in Resources */ = {isa = PBXBuildFile; fileRef = A09413AA1E4F2B2A002FD070 /* start.png */; };
		A09413AE1E4F3292002FD070 /* GamePauseview.swift in Sources */ = {isa = PBXBuildFile; fileRef = A09413AD1E4F3292002FD070 /* GamePauseview.swift */; };
		A0964A8F1E4DC5EE0006A905 /* ParticleHandler.swift in Sources */ = {isa = PBXBuildFile; fileRef = A0964A8E1E4DC5EE0006A905 /* ParticleHandler.swift */; };
		A0964A911E4DDD1A0006A905 /* Background_Diffuse.png in Resources */ = {isa = PBXBuildFile; fileRef = A0964A901E4DDD1A0006A905 /* Background_Diffuse.png */; };
		A09674071E34469A003F2A17 /* LevelManager.swift in Sources */ = {isa = PBXBuildFile; fileRef = A09674061E34469A003F2A17 /* LevelManager.swift */; };
		A09674091E3451DD003F2A17 /* Level.swift in Sources */ = {isa = PBXBuildFile; fileRef = A09674081E3451DD003F2A17 /* Level.swift */; };
		A096740B1E34529E003F2A17 /* Dictionary Extention.swift in Sources */ = {isa = PBXBuildFile; fileRef = A096740A1E34529E003F2A17 /* Dictionary Extention.swift */; };
		A097972F1E20B59A00DC3E2D /* AppDelegate.swift in Sources */ = {isa = PBXBuildFile; fileRef = A097972E1E20B59A00DC3E2D /* AppDelegate.swift */; };
		A09797361E20B59A00DC3E2D /* Assets.xcassets in Resources */ = {isa = PBXBuildFile; fileRef = A09797351E20B59A00DC3E2D /* Assets.xcassets */; };
		A09797391E20B59A00DC3E2D /* LaunchScreen.storyboard in Resources */ = {isa = PBXBuildFile; fileRef = A09797371E20B59A00DC3E2D /* LaunchScreen.storyboard */; };
		A09797411E20B6E100DC3E2D /* GameSceneViewController.swift in Sources */ = {isa = PBXBuildFile; fileRef = A09797401E20B6E100DC3E2D /* GameSceneViewController.swift */; };
		A09BC6681E334E9200AA0E7E /* GameUser.swift in Sources */ = {isa = PBXBuildFile; fileRef = A09BC6671E334E9200AA0E7E /* GameUser.swift */; };
		A09BC66A1E334E9E00AA0E7E /* Result.swift in Sources */ = {isa = PBXBuildFile; fileRef = A09BC6691E334E9E00AA0E7E /* Result.swift */; };
		A0AAE6B51E487D0B00C59AD1 /* CountDownView.swift in Sources */ = {isa = PBXBuildFile; fileRef = A0AAE6B41E487D0B00C59AD1 /* CountDownView.swift */; };
		A0AC33041E21BCCF0063FF9A /* GameSceneView.swift in Sources */ = {isa = PBXBuildFile; fileRef = A0AC33031E21BCCF0063FF9A /* GameSceneView.swift */; };
		A0B519C71E271515006CDA4A /* FallingObjectBehavior.swift in Sources */ = {isa = PBXBuildFile; fileRef = A0B519C61E271515006CDA4A /* FallingObjectBehavior.swift */; };
		A0B519C91E271AB7006CDA4A /* FallingObjectDatasource.swift in Sources */ = {isa = PBXBuildFile; fileRef = A0B519C81E271AB7006CDA4A /* FallingObjectDatasource.swift */; };
		A0B519CB1E271E99006CDA4A /* UIkit Extension.swift in Sources */ = {isa = PBXBuildFile; fileRef = A0B519CA1E271E99006CDA4A /* UIkit Extension.swift */; };
		A0B8888E1E4CA64B00B8A980 /* Drop.swift in Sources */ = {isa = PBXBuildFile; fileRef = A0B8888D1E4CA64B00B8A980 /* Drop.swift */; };
		A0B888901E4CA84A00B8A980 /* DazHeart.png in Resources */ = {isa = PBXBuildFile; fileRef = A0B8888F1E4CA84A00B8A980 /* DazHeart.png */; };
		A0BDD26F1E25E775003FC07B /* BreakBehaviorDataSource.swift in Sources */ = {isa = PBXBuildFile; fileRef = A0BDD26E1E25E775003FC07B /* BreakBehaviorDataSource.swift */; };
		A0C27A101E43844B00FEC1C1 /* AVAudioCustomPlayer.swift in Sources */ = {isa = PBXBuildFile; fileRef = A0C27A0F1E43844B00FEC1C1 /* AVAudioCustomPlayer.swift */; };
		A0C27A121E43883D00FEC1C1 /* String Extension.swift in Sources */ = {isa = PBXBuildFile; fileRef = A0C27A111E43883D00FEC1C1 /* String Extension.swift */; };
		A0C27A141E438A8300FEC1C1 /* GameMusicEffectsDatasource.swift in Sources */ = {isa = PBXBuildFile; fileRef = A0C27A131E438A8300FEC1C1 /* GameMusicEffectsDatasource.swift */; };
		A0DD550B1E5187FC00A4BB81 /* LeanCloundDealer.swift in Sources */ = {isa = PBXBuildFile; fileRef = A0DD550A1E5187FC00A4BB81 /* LeanCloundDealer.swift */; };
		A0DD550D1E51953700A4BB81 /* BaseObject.swift in Sources */ = {isa = PBXBuildFile; fileRef = A0DD550C1E51953700A4BB81 /* BaseObject.swift */; };
		A0E26C491E46DE5600E1A652 /* head.png in Resources */ = {isa = PBXBuildFile; fileRef = A0E26C481E46DE5600E1A652 /* head.png */; };
		A0FC0A541E49C0CF002D62FC /* GameScoreView.swift in Sources */ = {isa = PBXBuildFile; fileRef = A0FC0A531E49C0CF002D62FC /* GameScoreView.swift */; };
		A0FC0A561E49CD24002D62FC /* TitleObject.swift in Sources */ = {isa = PBXBuildFile; fileRef = A0FC0A551E49CD24002D62FC /* TitleObject.swift */; };
		A0FC0A591E49D0EF002D62FC /* snow.ttf in Resources */ = {isa = PBXBuildFile; fileRef = A0FC0A581E49D0EF002D62FC /* snow.ttf */; };
		BE7A9953228EFD2E10B00B61 /* libPods-DropProjectsGame.a in Frameworks */ = {isa = PBXBuildFile; fileRef = 16132A96B23D31149F8B3B75 /* libPods-DropProjectsGame.a */; };
/* End PBXBuildFile section */

/* Begin PBXFileReference section */
		16132A96B23D31149F8B3B75 /* libPods-DropProjectsGame.a */ = {isa = PBXFileReference; explicitFileType = archive.ar; includeInIndex = 0; path = "libPods-DropProjectsGame.a"; sourceTree = BUILT_PRODUCTS_DIR; };
		A00151B51E4071E600398B58 /* GameResultView.swift */ = {isa = PBXFileReference; fileEncoding = 4; lastKnownFileType = sourcecode.swift; path = GameResultView.swift; sourceTree = "<group>"; };
		A00151B81E40763E00398B58 /* refresh.png */ = {isa = PBXFileReference; lastKnownFileType = image.png; path = refresh.png; sourceTree = "<group>"; };
		A03A49A41E32F9EE0047D433 /* Level.plist */ = {isa = PBXFileReference; fileEncoding = 4; lastKnownFileType = text.plist.xml; path = Level.plist; sourceTree = "<group>"; };
		A03A49AE1E3301660047D433 /* Users+CoreDataClass.swift */ = {isa = PBXFileReference; fileEncoding = 4; lastKnownFileType = sourcecode.swift; path = "Users+CoreDataClass.swift"; sourceTree = "<group>"; };
		A03A49AF1E3301660047D433 /* Users+CoreDataProperties.swift */ = {isa = PBXFileReference; fileEncoding = 4; lastKnownFileType = sourcecode.swift; path = "Users+CoreDataProperties.swift"; sourceTree = "<group>"; };
		A03A49B01E3301660047D433 /* PlayIResults+CoreDataClass.swift */ = {isa = PBXFileReference; fileEncoding = 4; lastKnownFileType = sourcecode.swift; path = "PlayIResults+CoreDataClass.swift"; sourceTree = "<group>"; };
		A03A49B11E3301660047D433 /* PlayIResults+CoreDataProperties.swift */ = {isa = PBXFileReference; fileEncoding = 4; lastKnownFileType = sourcecode.swift; path = "PlayIResults+CoreDataProperties.swift"; sourceTree = "<group>"; };
		A085FC0E1E362C3B005DC653 /* LevelResponse.swift */ = {isa = PBXFileReference; fileEncoding = 4; lastKnownFileType = sourcecode.swift; path = LevelResponse.swift; sourceTree = "<group>"; };
		A08B434D1E22494A00D5AF7E /* BallView.swift */ = {isa = PBXFileReference; fileEncoding = 4; lastKnownFileType = sourcecode.swift; path = BallView.swift; sourceTree = "<group>"; };
		A08B434F1E224DCA00D5AF7E /* BreakBehavior.swift */ = {isa = PBXFileReference; fileEncoding = 4; lastKnownFileType = sourcecode.swift; path = BreakBehavior.swift; sourceTree = "<group>"; };
		A08BA0441E46B13D00019428 /* UserManager.swift */ = {isa = PBXFileReference; fileEncoding = 4; lastKnownFileType = sourcecode.swift; path = UserManager.swift; sourceTree = "<group>"; };
		A08D4D771E376BAF005C342C /* GameEngine.swift */ = {isa = PBXFileReference; fileEncoding = 4; lastKnownFileType = sourcecode.swift; path = GameEngine.swift; sourceTree = "<group>"; };
		A091A6B71E3E18A10025D2C2 /* backGroundMusic_1.mp3 */ = {isa = PBXFileReference; lastKnownFileType = audio.mp3; path = backGroundMusic_1.mp3; sourceTree = "<group>"; };
		A091A6B81E3E18A10025D2C2 /* backGroundMusic_2.mp3 */ = {isa = PBXFileReference; lastKnownFileType = audio.mp3; path = backGroundMusic_2.mp3; sourceTree = "<group>"; };
		A091A6B91E3E18A10025D2C2 /* backGroundMusic_3.mp3 */ = {isa = PBXFileReference; lastKnownFileType = audio.mp3; path = backGroundMusic_3.mp3; sourceTree = "<group>"; };
		A091A6BB1E3E18A10025D2C2 /* collision.wav */ = {isa = PBXFileReference; lastKnownFileType = audio.wav; path = collision.wav; sourceTree = "<group>"; };
		A091A6BC1E3E18A10025D2C2 /* fallingOn.mp3 */ = {isa = PBXFileReference; lastKnownFileType = audio.mp3; path = fallingOn.mp3; sourceTree = "<group>"; };
		A091A6BD1E3E18A10025D2C2 /* gameOver.wav */ = {isa = PBXFileReference; lastKnownFileType = audio.wav; path = gameOver.wav; sourceTree = "<group>"; };
		A091A6BE1E3E18A10025D2C2 /* gameWin.wav */ = {isa = PBXFileReference; lastKnownFileType = audio.wav; path = gameWin.wav; sourceTree = "<group>"; };
		A091A6C71E3E1A720025D2C2 /* backGroundMusic_4.mp3 */ = {isa = PBXFileReference; lastKnownFileType = audio.mp3; path = backGroundMusic_4.mp3; sourceTree = "<group>"; };
		A091A6C91E3E1AAC0025D2C2 /* AudioHandler.swift */ = {isa = PBXFileReference; fileEncoding = 4; lastKnownFileType = sourcecode.swift; path = AudioHandler.swift; sourceTree = "<group>"; };
		A093942E1E32F50F006C7E2E /* Drop.xcdatamodel */ = {isa = PBXFileReference; lastKnownFileType = wrapper.xcdatamodel; path = Drop.xcdatamodel; sourceTree = "<group>"; };
		A09413A91E4F2B2A002FD070 /* pause.png */ = {isa = PBXFileReference; lastKnownFileType = image.png; path = pause.png; sourceTree = "<group>"; };
		A09413AA1E4F2B2A002FD070 /* start.png */ = {isa = PBXFileReference; lastKnownFileType = image.png; path = start.png; sourceTree = "<group>"; };
		A09413AD1E4F3292002FD070 /* GamePauseview.swift */ = {isa = PBXFileReference; fileEncoding = 4; lastKnownFileType = sourcecode.swift; path = GamePauseview.swift; sourceTree = "<group>"; };
		A0964A8E1E4DC5EE0006A905 /* ParticleHandler.swift */ = {isa = PBXFileReference; fileEncoding = 4; lastKnownFileType = sourcecode.swift; path = ParticleHandler.swift; sourceTree = "<group>"; };
		A0964A901E4DDD1A0006A905 /* Background_Diffuse.png */ = {isa = PBXFileReference; lastKnownFileType = image.png; path = Background_Diffuse.png; sourceTree = "<group>"; };
		A09674061E34469A003F2A17 /* LevelManager.swift */ = {isa = PBXFileReference; fileEncoding = 4; lastKnownFileType = sourcecode.swift; path = LevelManager.swift; sourceTree = "<group>"; };
		A09674081E3451DD003F2A17 /* Level.swift */ = {isa = PBXFileReference; fileEncoding = 4; lastKnownFileType = sourcecode.swift; path = Level.swift; sourceTree = "<group>"; };
		A096740A1E34529E003F2A17 /* Dictionary Extention.swift */ = {isa = PBXFileReference; fileEncoding = 4; lastKnownFileType = sourcecode.swift; path = "Dictionary Extention.swift"; sourceTree = "<group>"; };
		A097972B1E20B59A00DC3E2D /* DropProjectsGame.app */ = {isa = PBXFileReference; explicitFileType = wrapper.application; includeInIndex = 0; path = DropProjectsGame.app; sourceTree = BUILT_PRODUCTS_DIR; };
		A097972E1E20B59A00DC3E2D /* AppDelegate.swift */ = {isa = PBXFileReference; lastKnownFileType = sourcecode.swift; path = AppDelegate.swift; sourceTree = "<group>"; };
		A09797351E20B59A00DC3E2D /* Assets.xcassets */ = {isa = PBXFileReference; lastKnownFileType = folder.assetcatalog; path = Assets.xcassets; sourceTree = "<group>"; };
		A09797381E20B59A00DC3E2D /* Base */ = {isa = PBXFileReference; lastKnownFileType = file.storyboard; name = Base; path = Base.lproj/LaunchScreen.storyboard; sourceTree = "<group>"; };
		A097973A1E20B59A00DC3E2D /* Info.plist */ = {isa = PBXFileReference; lastKnownFileType = text.plist.xml; path = Info.plist; sourceTree = "<group>"; };
		A09797401E20B6E100DC3E2D /* GameSceneViewController.swift */ = {isa = PBXFileReference; fileEncoding = 4; lastKnownFileType = sourcecode.swift; path = GameSceneViewController.swift; sourceTree = "<group>"; };
		A09BC6671E334E9200AA0E7E /* GameUser.swift */ = {isa = PBXFileReference; fileEncoding = 4; lastKnownFileType = sourcecode.swift; path = GameUser.swift; sourceTree = "<group>"; };
		A09BC6691E334E9E00AA0E7E /* Result.swift */ = {isa = PBXFileReference; fileEncoding = 4; lastKnownFileType = sourcecode.swift; path = Result.swift; sourceTree = "<group>"; };
		A0AAE6B41E487D0B00C59AD1 /* CountDownView.swift */ = {isa = PBXFileReference; fileEncoding = 4; lastKnownFileType = sourcecode.swift; path = CountDownView.swift; sourceTree = "<group>"; };
		A0AC33031E21BCCF0063FF9A /* GameSceneView.swift */ = {isa = PBXFileReference; fileEncoding = 4; lastKnownFileType = sourcecode.swift; path = GameSceneView.swift; sourceTree = "<group>"; };
		A0B519C61E271515006CDA4A /* FallingObjectBehavior.swift */ = {isa = PBXFileReference; fileEncoding = 4; lastKnownFileType = sourcecode.swift; path = FallingObjectBehavior.swift; sourceTree = "<group>"; };
		A0B519C81E271AB7006CDA4A /* FallingObjectDatasource.swift */ = {isa = PBXFileReference; fileEncoding = 4; lastKnownFileType = sourcecode.swift; path = FallingObjectDatasource.swift; sourceTree = "<group>"; };
		A0B519CA1E271E99006CDA4A /* UIkit Extension.swift */ = {isa = PBXFileReference; fileEncoding = 4; lastKnownFileType = sourcecode.swift; path = "UIkit Extension.swift"; sourceTree = "<group>"; };
		A0B8888D1E4CA64B00B8A980 /* Drop.swift */ = {isa = PBXFileReference; fileEncoding = 4; lastKnownFileType = sourcecode.swift; path = Drop.swift; sourceTree = "<group>"; };
		A0B8888F1E4CA84A00B8A980 /* DazHeart.png */ = {isa = PBXFileReference; lastKnownFileType = image.png; path = DazHeart.png; sourceTree = "<group>"; };
		A0BDD26E1E25E775003FC07B /* BreakBehaviorDataSource.swift */ = {isa = PBXFileReference; fileEncoding = 4; lastKnownFileType = sourcecode.swift; path = BreakBehaviorDataSource.swift; sourceTree = "<group>"; };
		A0C27A0F1E43844B00FEC1C1 /* AVAudioCustomPlayer.swift */ = {isa = PBXFileReference; fileEncoding = 4; lastKnownFileType = sourcecode.swift; path = AVAudioCustomPlayer.swift; sourceTree = "<group>"; };
		A0C27A111E43883D00FEC1C1 /* String Extension.swift */ = {isa = PBXFileReference; fileEncoding = 4; lastKnownFileType = sourcecode.swift; path = "String Extension.swift"; sourceTree = "<group>"; };
		A0C27A131E438A8300FEC1C1 /* GameMusicEffectsDatasource.swift */ = {isa = PBXFileReference; fileEncoding = 4; lastKnownFileType = sourcecode.swift; path = GameMusicEffectsDatasource.swift; sourceTree = "<group>"; };
		A0DD55051E517F6500A4BB81 /* -Bridging-Header.h */ = {isa = PBXFileReference; fileEncoding = 4; lastKnownFileType = sourcecode.c.h; path = "-Bridging-Header.h"; sourceTree = "<group>"; };
		A0DD550A1E5187FC00A4BB81 /* LeanCloundDealer.swift */ = {isa = PBXFileReference; fileEncoding = 4; lastKnownFileType = sourcecode.swift; path = LeanCloundDealer.swift; sourceTree = "<group>"; };
		A0DD550C1E51953700A4BB81 /* BaseObject.swift */ = {isa = PBXFileReference; fileEncoding = 4; lastKnownFileType = sourcecode.swift; path = BaseObject.swift; sourceTree = "<group>"; };
		A0E26C481E46DE5600E1A652 /* head.png */ = {isa = PBXFileReference; lastKnownFileType = image.png; path = head.png; sourceTree = "<group>"; };
		A0FC0A531E49C0CF002D62FC /* GameScoreView.swift */ = {isa = PBXFileReference; fileEncoding = 4; lastKnownFileType = sourcecode.swift; path = GameScoreView.swift; sourceTree = "<group>"; };
		A0FC0A551E49CD24002D62FC /* TitleObject.swift */ = {isa = PBXFileReference; fileEncoding = 4; lastKnownFileType = sourcecode.swift; path = TitleObject.swift; sourceTree = "<group>"; };
		A0FC0A581E49D0EF002D62FC /* snow.ttf */ = {isa = PBXFileReference; lastKnownFileType = file; path = snow.ttf; sourceTree = "<group>"; };
		BA1C4CD9C65AF5312503888E /* Pods-DropProjectsGame.debug.xcconfig */ = {isa = PBXFileReference; includeInIndex = 1; lastKnownFileType = text.xcconfig; name = "Pods-DropProjectsGame.debug.xcconfig"; path = "Pods/Target Support Files/Pods-DropProjectsGame/Pods-DropProjectsGame.debug.xcconfig"; sourceTree = "<group>"; };
		E32576F7D1446C5386CA7209 /* Pods-DropProjectsGame.release.xcconfig */ = {isa = PBXFileReference; includeInIndex = 1; lastKnownFileType = text.xcconfig; name = "Pods-DropProjectsGame.release.xcconfig"; path = "Pods/Target Support Files/Pods-DropProjectsGame/Pods-DropProjectsGame.release.xcconfig"; sourceTree = "<group>"; };
/* End PBXFileReference section */

/* Begin PBXFrameworksBuildPhase section */
		A09797281E20B59A00DC3E2D /* Frameworks */ = {
			isa = PBXFrameworksBuildPhase;
			buildActionMask = 2147483647;
			files = (
				BE7A9953228EFD2E10B00B61 /* libPods-DropProjectsGame.a in Frameworks */,
			);
			runOnlyForDeploymentPostprocessing = 0;
		};
/* End PBXFrameworksBuildPhase section */

/* Begin PBXGroup section */
		90524899F0900C69379EBBF2 /* Frameworks */ = {
			isa = PBXGroup;
			children = (
				16132A96B23D31149F8B3B75 /* libPods-DropProjectsGame.a */,
			);
			name = Frameworks;
			sourceTree = "<group>";
		};
		A00151B71E40763400398B58 /* Images */ = {
			isa = PBXGroup;
			children = (
				A09413A91E4F2B2A002FD070 /* pause.png */,
				A09413AA1E4F2B2A002FD070 /* start.png */,
				A0964A901E4DDD1A0006A905 /* Background_Diffuse.png */,
				A0B8888F1E4CA84A00B8A980 /* DazHeart.png */,
				A0E26C481E46DE5600E1A652 /* head.png */,
				A00151B81E40763E00398B58 /* refresh.png */,
			);
			path = Images;
			sourceTree = "<group>";
		};
		A03A49A31E32F9D60047D433 /* Source */ = {
			isa = PBXGroup;
			children = (
				A0FC0A571E49D0C6002D62FC /* Font */,
				A00151B71E40763400398B58 /* Images */,
				A091A6B61E3E18930025D2C2 /* Music */,
				A03A49A41E32F9EE0047D433 /* Level.plist */,
			);
			path = Source;
			sourceTree = "<group>";
		};
		A091A6B61E3E18930025D2C2 /* Music */ = {
			isa = PBXGroup;
			children = (
				A091A6C71E3E1A720025D2C2 /* backGroundMusic_4.mp3 */,
				A091A6B71E3E18A10025D2C2 /* backGroundMusic_1.mp3 */,
				A091A6B81E3E18A10025D2C2 /* backGroundMusic_2.mp3 */,
				A091A6B91E3E18A10025D2C2 /* backGroundMusic_3.mp3 */,
				A091A6BB1E3E18A10025D2C2 /* collision.wav */,
				A091A6BC1E3E18A10025D2C2 /* fallingOn.mp3 */,
				A091A6BD1E3E18A10025D2C2 /* gameOver.wav */,
				A091A6BE1E3E18A10025D2C2 /* gameWin.wav */,
			);
			path = Music;
			sourceTree = "<group>";
		};
		A09394301E32F523006C7E2E /* CoreData */ = {
			isa = PBXGroup;
			children = (
				A03A49AE1E3301660047D433 /* Users+CoreDataClass.swift */,
				A03A49AF1E3301660047D433 /* Users+CoreDataProperties.swift */,
				A03A49B01E3301660047D433 /* PlayIResults+CoreDataClass.swift */,
				A03A49B11E3301660047D433 /* PlayIResults+CoreDataProperties.swift */,
				A093942D1E32F50F006C7E2E /* Drop.xcdatamodeld */,
			);
			name = CoreData;
			sourceTree = "<group>";
		};
		A09394311E32F543006C7E2E /* UI */ = {
			isa = PBXGroup;
			children = (
				A09797401E20B6E100DC3E2D /* GameSceneViewController.swift */,
				A0AC33031E21BCCF0063FF9A /* GameSceneView.swift */,
				A08B434D1E22494A00D5AF7E /* BallView.swift */,
				A00151B51E4071E600398B58 /* GameResultView.swift */,
				A0AAE6B41E487D0B00C59AD1 /* CountDownView.swift */,
				A0FC0A531E49C0CF002D62FC /* GameScoreView.swift */,
				A0B8888D1E4CA64B00B8A980 /* Drop.swift */,
				A09413AD1E4F3292002FD070 /* GamePauseview.swift */,
			);
			name = UI;
			sourceTree = "<group>";
		};
		A09394321E32F566006C7E2E /* Model */ = {
			isa = PBXGroup;
			children = (
				A0BDD26E1E25E775003FC07B /* BreakBehaviorDataSource.swift */,
				A0B519C81E271AB7006CDA4A /* FallingObjectDatasource.swift */,
				A09BC6671E334E9200AA0E7E /* GameUser.swift */,
				A0DD550C1E51953700A4BB81 /* BaseObject.swift */,
				A09BC6691E334E9E00AA0E7E /* Result.swift */,
				A09674061E34469A003F2A17 /* LevelManager.swift */,
				A09674081E3451DD003F2A17 /* Level.swift */,
				A085FC0E1E362C3B005DC653 /* LevelResponse.swift */,
				A08D4D771E376BAF005C342C /* GameEngine.swift */,
				A0C27A131E438A8300FEC1C1 /* GameMusicEffectsDatasource.swift */,
				A08BA0441E46B13D00019428 /* UserManager.swift */,
				A0FC0A551E49CD24002D62FC /* TitleObject.swift */,
			);
			name = Model;
			sourceTree = "<group>";
		};
		A09394331E32F57E006C7E2E /* Util */ = {
			isa = PBXGroup;
			children = (
				A0DD55051E517F6500A4BB81 /* -Bridging-Header.h */,
				A0B519CA1E271E99006CDA4A /* UIkit Extension.swift */,
				A096740A1E34529E003F2A17 /* Dictionary Extention.swift */,
				A091A6C91E3E1AAC0025D2C2 /* AudioHandler.swift */,
				A0C27A0F1E43844B00FEC1C1 /* AVAudioCustomPlayer.swift */,
				A0C27A111E43883D00FEC1C1 /* String Extension.swift */,
				A0964A8E1E4DC5EE0006A905 /* ParticleHandler.swift */,
			);
			name = Util;
			sourceTree = "<group>";
		};
		A09394341E32F59A006C7E2E /* Motion */ = {
			isa = PBXGroup;
			children = (
				A08B434F1E224DCA00D5AF7E /* BreakBehavior.swift */,
				A0B519C61E271515006CDA4A /* FallingObjectBehavior.swift */,
			);
			name = Motion;
			sourceTree = "<group>";
		};
		A09797221E20B59900DC3E2D = {
			isa = PBXGroup;
			children = (
				A097972D1E20B59A00DC3E2D /* DropProjectsGame */,
				A097972C1E20B59A00DC3E2D /* Products */,
				DEABABF913F3966623E88C8A /* Pods */,
				90524899F0900C69379EBBF2 /* Frameworks */,
			);
			sourceTree = "<group>";
		};
		A097972C1E20B59A00DC3E2D /* Products */ = {
			isa = PBXGroup;
			children = (
				A097972B1E20B59A00DC3E2D /* DropProjectsGame.app */,
			);
			name = Products;
			sourceTree = "<group>";
		};
		A097972D1E20B59A00DC3E2D /* DropProjectsGame */ = {
			isa = PBXGroup;
			children = (
				A0DD55091E51877D00A4BB81 /* LeanClound */,
				A03A49A31E32F9D60047D433 /* Source */,
				A09394301E32F523006C7E2E /* CoreData */,
				A097972E1E20B59A00DC3E2D /* AppDelegate.swift */,
				A09797351E20B59A00DC3E2D /* Assets.xcassets */,
				A09797371E20B59A00DC3E2D /* LaunchScreen.storyboard */,
				A097973A1E20B59A00DC3E2D /* Info.plist */,
				A09394311E32F543006C7E2E /* UI */,
				A09394341E32F59A006C7E2E /* Motion */,
				A09394321E32F566006C7E2E /* Model */,
				A09394331E32F57E006C7E2E /* Util */,
			);
			path = DropProjectsGame;
			sourceTree = "<group>";
		};
		A0DD55091E51877D00A4BB81 /* LeanClound */ = {
			isa = PBXGroup;
			children = (
				A0DD550A1E5187FC00A4BB81 /* LeanCloundDealer.swift */,
			);
			path = LeanClound;
			sourceTree = "<group>";
		};
		A0FC0A571E49D0C6002D62FC /* Font */ = {
			isa = PBXGroup;
			children = (
				A0FC0A581E49D0EF002D62FC /* snow.ttf */,
			);
			path = Font;
			sourceTree = "<group>";
		};
		DEABABF913F3966623E88C8A /* Pods */ = {
			isa = PBXGroup;
			children = (
				BA1C4CD9C65AF5312503888E /* Pods-DropProjectsGame.debug.xcconfig */,
				E32576F7D1446C5386CA7209 /* Pods-DropProjectsGame.release.xcconfig */,
			);
			name = Pods;
			sourceTree = "<group>";
		};
/* End PBXGroup section */

/* Begin PBXNativeTarget section */
		A097972A1E20B59A00DC3E2D /* DropProjectsGame */ = {
			isa = PBXNativeTarget;
			buildConfigurationList = A097973D1E20B59A00DC3E2D /* Build configuration list for PBXNativeTarget "DropProjectsGame" */;
			buildPhases = (
				55BDB34E3A8BD9A3F761398B /* [CP] Check Pods Manifest.lock */,
				A09797271E20B59A00DC3E2D /* Sources */,
				A09797281E20B59A00DC3E2D /* Frameworks */,
				A09797291E20B59A00DC3E2D /* Resources */,
				588A083BD61BD55FD67154FE /* [CP] Embed Pods Frameworks */,
				3EAC03A5711A176E956FE16B /* [CP] Copy Pods Resources */,
			);
			buildRules = (
			);
			dependencies = (
			);
			name = DropProjectsGame;
			productName = DropProjectsGame;
			productReference = A097972B1E20B59A00DC3E2D /* DropProjectsGame.app */;
			productType = "com.apple.product-type.application";
		};
/* End PBXNativeTarget section */

/* Begin PBXProject section */
		A09797231E20B59900DC3E2D /* Project object */ = {
			isa = PBXProject;
			attributes = {
				LastSwiftUpdateCheck = 0820;
				LastUpgradeCheck = 0820;
				ORGANIZATIONNAME = "lin kang";
				TargetAttributes = {
					A097972A1E20B59A00DC3E2D = {
						CreatedOnToolsVersion = 8.2;
						DevelopmentTeam = Q8C2NBM6JK;
						ProvisioningStyle = Automatic;
					};
				};
			};
			buildConfigurationList = A09797261E20B59900DC3E2D /* Build configuration list for PBXProject "DropProjectsGame" */;
			compatibilityVersion = "Xcode 3.2";
			developmentRegion = English;
			hasScannedForEncodings = 0;
			knownRegions = (
				en,
				Base,
			);
			mainGroup = A09797221E20B59900DC3E2D;
			productRefGroup = A097972C1E20B59A00DC3E2D /* Products */;
			projectDirPath = "";
			projectRoot = "";
			targets = (
				A097972A1E20B59A00DC3E2D /* DropProjectsGame */,
			);
		};
/* End PBXProject section */

/* Begin PBXResourcesBuildPhase section */
		A09797291E20B59A00DC3E2D /* Resources */ = {
			isa = PBXResourcesBuildPhase;
			buildActionMask = 2147483647;
			files = (
				A091A6C11E3E18A10025D2C2 /* backGroundMusic_3.mp3 in Resources */,
				A0FC0A591E49D0EF002D62FC /* snow.ttf in Resources */,
				A00151B91E40763E00398B58 /* refresh.png in Resources */,
				A091A6BF1E3E18A10025D2C2 /* backGroundMusic_1.mp3 in Resources */,
				A091A6C41E3E18A10025D2C2 /* fallingOn.mp3 in Resources */,
				A091A6C61E3E18A10025D2C2 /* gameWin.wav in Resources */,
				A03A49A51E32F9EE0047D433 /* Level.plist in Resources */,
				A091A6C51E3E18A10025D2C2 /* gameOver.wav in Resources */,
				A091A6C81E3E1A720025D2C2 /* backGroundMusic_4.mp3 in Resources */,
				A0E26C491E46DE5600E1A652 /* head.png in Resources */,
				A09413AC1E4F2B2A002FD070 /* start.png in Resources */,
				A0B888901E4CA84A00B8A980 /* DazHeart.png in Resources */,
				A09797391E20B59A00DC3E2D /* LaunchScreen.storyboard in Resources */,
				A091A6C31E3E18A10025D2C2 /* collision.wav in Resources */,
				A09797361E20B59A00DC3E2D /* Assets.xcassets in Resources */,
				A09413AB1E4F2B2A002FD070 /* pause.png in Resources */,
				A0964A911E4DDD1A0006A905 /* Background_Diffuse.png in Resources */,
				A091A6C01E3E18A10025D2C2 /* backGroundMusic_2.mp3 in Resources */,
			);
			runOnlyForDeploymentPostprocessing = 0;
		};
/* End PBXResourcesBuildPhase section */

/* Begin PBXShellScriptBuildPhase section */
		3EAC03A5711A176E956FE16B /* [CP] Copy Pods Resources */ = {
			isa = PBXShellScriptBuildPhase;
			buildActionMask = 2147483647;
			files = (
			);
			inputPaths = (
			);
			name = "[CP] Copy Pods Resources";
			outputPaths = (
			);
			runOnlyForDeploymentPostprocessing = 0;
			shellPath = /bin/sh;
			shellScript = "\"${SRCROOT}/Pods/Target Support Files/Pods-DropProjectsGame/Pods-DropProjectsGame-resources.sh\"\n";
			showEnvVarsInLog = 0;
		};
		55BDB34E3A8BD9A3F761398B /* [CP] Check Pods Manifest.lock */ = {
			isa = PBXShellScriptBuildPhase;
			buildActionMask = 2147483647;
			files = (
			);
			inputPaths = (
			);
			name = "[CP] Check Pods Manifest.lock";
			outputPaths = (
			);
			runOnlyForDeploymentPostprocessing = 0;
			shellPath = /bin/sh;
			shellScript = "diff \"${PODS_ROOT}/../Podfile.lock\" \"${PODS_ROOT}/Manifest.lock\" > /dev/null\nif [ $? != 0 ] ; then\n    # print error to STDERR\n    echo \"error: The sandbox is not in sync with the Podfile.lock. Run 'pod install' or update your CocoaPods installation.\" >&2\n    exit 1\nfi\n";
			showEnvVarsInLog = 0;
		};
		588A083BD61BD55FD67154FE /* [CP] Embed Pods Frameworks */ = {
			isa = PBXShellScriptBuildPhase;
			buildActionMask = 2147483647;
			files = (
			);
			inputPaths = (
			);
			name = "[CP] Embed Pods Frameworks";
			outputPaths = (
			);
			runOnlyForDeploymentPostprocessing = 0;
			shellPath = /bin/sh;
			shellScript = "\"${SRCROOT}/Pods/Target Support Files/Pods-DropProjectsGame/Pods-DropProjectsGame-frameworks.sh\"\n";
			showEnvVarsInLog = 0;
		};
/* End PBXShellScriptBuildPhase section */

/* Begin PBXSourcesBuildPhase section */
		A09797271E20B59A00DC3E2D /* Sources */ = {
			isa = PBXSourcesBuildPhase;
			buildActionMask = 2147483647;
			files = (
				A0BDD26F1E25E775003FC07B /* BreakBehaviorDataSource.swift in Sources */,
				A0B519CB1E271E99006CDA4A /* UIkit Extension.swift in Sources */,
				A0B519C71E271515006CDA4A /* FallingObjectBehavior.swift in Sources */,
				A09413AE1E4F3292002FD070 /* GamePauseview.swift in Sources */,
				A09BC66A1E334E9E00AA0E7E /* Result.swift in Sources */,
				A0FC0A561E49CD24002D62FC /* TitleObject.swift in Sources */,
				A03A49B31E3301660047D433 /* Users+CoreDataProperties.swift in Sources */,
				A03A49B21E3301660047D433 /* Users+CoreDataClass.swift in Sources */,
				A08BA0451E46B13D00019428 /* UserManager.swift in Sources */,
				A0AAE6B51E487D0B00C59AD1 /* CountDownView.swift in Sources */,
				A097972F1E20B59A00DC3E2D /* AppDelegate.swift in Sources */,
				A0DD550D1E51953700A4BB81 /* BaseObject.swift in Sources */,
				A0FC0A541E49C0CF002D62FC /* GameScoreView.swift in Sources */,
				A08D4D781E376BAF005C342C /* GameEngine.swift in Sources */,
				A0DD550B1E5187FC00A4BB81 /* LeanCloundDealer.swift in Sources */,
				A09BC6681E334E9200AA0E7E /* GameUser.swift in Sources */,
				A0B8888E1E4CA64B00B8A980 /* Drop.swift in Sources */,
				A0C27A141E438A8300FEC1C1 /* GameMusicEffectsDatasource.swift in Sources */,
				A08B43501E224DCA00D5AF7E /* BreakBehavior.swift in Sources */,
				A091A6CA1E3E1AAC0025D2C2 /* AudioHandler.swift in Sources */,
				A096740B1E34529E003F2A17 /* Dictionary Extention.swift in Sources */,
				A085FC0F1E362C3B005DC653 /* LevelResponse.swift in Sources */,
				A0B519C91E271AB7006CDA4A /* FallingObjectDatasource.swift in Sources */,
				A03A49B41E3301660047D433 /* PlayIResults+CoreDataClass.swift in Sources */,
				A0AC33041E21BCCF0063FF9A /* GameSceneView.swift in Sources */,
				A08B434E1E22494A00D5AF7E /* BallView.swift in Sources */,
				A03A49B51E3301660047D433 /* PlayIResults+CoreDataProperties.swift in Sources */,
				A09797411E20B6E100DC3E2D /* GameSceneViewController.swift in Sources */,
				A00151B61E4071E600398B58 /* GameResultView.swift in Sources */,
				A0C27A101E43844B00FEC1C1 /* AVAudioCustomPlayer.swift in Sources */,
				A0964A8F1E4DC5EE0006A905 /* ParticleHandler.swift in Sources */,
				A09674071E34469A003F2A17 /* LevelManager.swift in Sources */,
				A09674091E3451DD003F2A17 /* Level.swift in Sources */,
				A093942F1E32F50F006C7E2E /* Drop.xcdatamodeld in Sources */,
				A0C27A121E43883D00FEC1C1 /* String Extension.swift in Sources */,
			);
			runOnlyForDeploymentPostprocessing = 0;
		};
/* End PBXSourcesBuildPhase section */

/* Begin PBXVariantGroup section */
		A09797371E20B59A00DC3E2D /* LaunchScreen.storyboard */ = {
			isa = PBXVariantGroup;
			children = (
				A09797381E20B59A00DC3E2D /* Base */,
			);
			name = LaunchScreen.storyboard;
			sourceTree = "<group>";
		};
/* End PBXVariantGroup section */

/* Begin XCBuildConfiguration section */
		A097973B1E20B59A00DC3E2D /* Debug */ = {
			isa = XCBuildConfiguration;
			buildSettings = {
				ALWAYS_SEARCH_USER_PATHS = NO;
				CLANG_ANALYZER_NONNULL = YES;
				CLANG_CXX_LANGUAGE_STANDARD = "gnu++0x";
				CLANG_CXX_LIBRARY = "libc++";
				CLANG_ENABLE_MODULES = YES;
				CLANG_ENABLE_OBJC_ARC = YES;
				CLANG_WARN_BOOL_CONVERSION = YES;
				CLANG_WARN_CONSTANT_CONVERSION = YES;
				CLANG_WARN_DIRECT_OBJC_ISA_USAGE = YES_ERROR;
				CLANG_WARN_DOCUMENTATION_COMMENTS = YES;
				CLANG_WARN_EMPTY_BODY = YES;
				CLANG_WARN_ENUM_CONVERSION = YES;
				CLANG_WARN_INFINITE_RECURSION = YES;
				CLANG_WARN_INT_CONVERSION = YES;
				CLANG_WARN_OBJC_ROOT_CLASS = YES_ERROR;
				CLANG_WARN_SUSPICIOUS_MOVE = YES;
				CLANG_WARN_UNREACHABLE_CODE = YES;
				CLANG_WARN__DUPLICATE_METHOD_MATCH = YES;
				"CODE_SIGN_IDENTITY[sdk=iphoneos*]" = "iPhone Developer";
				COPY_PHASE_STRIP = NO;
				DEBUG_INFORMATION_FORMAT = dwarf;
				ENABLE_STRICT_OBJC_MSGSEND = YES;
				ENABLE_TESTABILITY = YES;
				GCC_C_LANGUAGE_STANDARD = gnu99;
				GCC_DYNAMIC_NO_PIC = NO;
				GCC_NO_COMMON_BLOCKS = YES;
				GCC_OPTIMIZATION_LEVEL = 0;
				GCC_PREPROCESSOR_DEFINITIONS = (
					"DEBUG=1",
					"$(inherited)",
				);
				GCC_WARN_64_TO_32_BIT_CONVERSION = YES;
				GCC_WARN_ABOUT_RETURN_TYPE = YES_ERROR;
				GCC_WARN_UNDECLARED_SELECTOR = YES;
				GCC_WARN_UNINITIALIZED_AUTOS = YES_AGGRESSIVE;
				GCC_WARN_UNUSED_FUNCTION = YES;
				GCC_WARN_UNUSED_VARIABLE = YES;
				IPHONEOS_DEPLOYMENT_TARGET = 10.2;
				MTL_ENABLE_DEBUG_INFO = YES;
				ONLY_ACTIVE_ARCH = YES;
				SDKROOT = iphoneos;
				SWIFT_ACTIVE_COMPILATION_CONDITIONS = DEBUG;
				SWIFT_OPTIMIZATION_LEVEL = "-Onone";
				TARGETED_DEVICE_FAMILY = "1,2";
			};
			name = Debug;
		};
		A097973C1E20B59A00DC3E2D /* Release */ = {
			isa = XCBuildConfiguration;
			buildSettings = {
				ALWAYS_SEARCH_USER_PATHS = NO;
				CLANG_ANALYZER_NONNULL = YES;
				CLANG_CXX_LANGUAGE_STANDARD = "gnu++0x";
				CLANG_CXX_LIBRARY = "libc++";
				CLANG_ENABLE_MODULES = YES;
				CLANG_ENABLE_OBJC_ARC = YES;
				CLANG_WARN_BOOL_CONVERSION = YES;
				CLANG_WARN_CONSTANT_CONVERSION = YES;
				CLANG_WARN_DIRECT_OBJC_ISA_USAGE = YES_ERROR;
				CLANG_WARN_DOCUMENTATION_COMMENTS = YES;
				CLANG_WARN_EMPTY_BODY = YES;
				CLANG_WARN_ENUM_CONVERSION = YES;
				CLANG_WARN_INFINITE_RECURSION = YES;
				CLANG_WARN_INT_CONVERSION = YES;
				CLANG_WARN_OBJC_ROOT_CLASS = YES_ERROR;
				CLANG_WARN_SUSPICIOUS_MOVE = YES;
				CLANG_WARN_UNREACHABLE_CODE = YES;
				CLANG_WARN__DUPLICATE_METHOD_MATCH = YES;
				"CODE_SIGN_IDENTITY[sdk=iphoneos*]" = "iPhone Developer";
				COPY_PHASE_STRIP = NO;
				DEBUG_INFORMATION_FORMAT = "dwarf-with-dsym";
				ENABLE_NS_ASSERTIONS = NO;
				ENABLE_STRICT_OBJC_MSGSEND = YES;
				GCC_C_LANGUAGE_STANDARD = gnu99;
				GCC_NO_COMMON_BLOCKS = YES;
				GCC_WARN_64_TO_32_BIT_CONVERSION = YES;
				GCC_WARN_ABOUT_RETURN_TYPE = YES_ERROR;
				GCC_WARN_UNDECLARED_SELECTOR = YES;
				GCC_WARN_UNINITIALIZED_AUTOS = YES_AGGRESSIVE;
				GCC_WARN_UNUSED_FUNCTION = YES;
				GCC_WARN_UNUSED_VARIABLE = YES;
				IPHONEOS_DEPLOYMENT_TARGET = 10.2;
				MTL_ENABLE_DEBUG_INFO = NO;
				SDKROOT = iphoneos;
				SWIFT_OPTIMIZATION_LEVEL = "-Owholemodule";
				TARGETED_DEVICE_FAMILY = "1,2";
				VALIDATE_PRODUCT = YES;
			};
			name = Release;
		};
		A097973E1E20B59A00DC3E2D /* Debug */ = {
			isa = XCBuildConfiguration;
			baseConfigurationReference = BA1C4CD9C65AF5312503888E /* Pods-DropProjectsGame.debug.xcconfig */;
			buildSettings = {
				ASSETCATALOG_COMPILER_APPICON_NAME = AppIcon;
				DEVELOPMENT_TEAM = Q8C2NBM6JK;
				INFOPLIST_FILE = DropProjectsGame/Info.plist;
				IPHONEOS_DEPLOYMENT_TARGET = 8.2;
				LD_RUNPATH_SEARCH_PATHS = "$(inherited) @executable_path/Frameworks";
				PRODUCT_BUNDLE_IDENTIFIER = kl.DropProjectsGame;
				PRODUCT_NAME = "$(TARGET_NAME)";
				SWIFT_OBJC_BRIDGING_HEADER = "DropProjectsGame/-Bridging-Header.h";
				SWIFT_VERSION = 3.0;
			};
			name = Debug;
		};
		A097973F1E20B59A00DC3E2D /* Release */ = {
			isa = XCBuildConfiguration;
			baseConfigurationReference = E32576F7D1446C5386CA7209 /* Pods-DropProjectsGame.release.xcconfig */;
			buildSettings = {
				ASSETCATALOG_COMPILER_APPICON_NAME = AppIcon;
				DEVELOPMENT_TEAM = Q8C2NBM6JK;
				INFOPLIST_FILE = DropProjectsGame/Info.plist;
				IPHONEOS_DEPLOYMENT_TARGET = 8.2;
				LD_RUNPATH_SEARCH_PATHS = "$(inherited) @executable_path/Frameworks";
				PRODUCT_BUNDLE_IDENTIFIER = kl.DropProjectsGame;
				PRODUCT_NAME = "$(TARGET_NAME)";
				SWIFT_OBJC_BRIDGING_HEADER = "DropProjectsGame/-Bridging-Header.h";
				SWIFT_VERSION = 3.0;
			};
			name = Release;
		};
/* End XCBuildConfiguration section */

/* Begin XCConfigurationList section */
		A09797261E20B59900DC3E2D /* Build configuration list for PBXProject "DropProjectsGame" */ = {
			isa = XCConfigurationList;
			buildConfigurations = (
				A097973B1E20B59A00DC3E2D /* Debug */,
				A097973C1E20B59A00DC3E2D /* Release */,
			);
			defaultConfigurationIsVisible = 0;
			defaultConfigurationName = Release;
		};
		A097973D1E20B59A00DC3E2D /* Build configuration list for PBXNativeTarget "DropProjectsGame" */ = {
			isa = XCConfigurationList;
			buildConfigurations = (
				A097973E1E20B59A00DC3E2D /* Debug */,
				A097973F1E20B59A00DC3E2D /* Release */,
			);
			defaultConfigurationIsVisible = 0;
			defaultConfigurationName = Release;
		};
/* End XCConfigurationList section */

/* Begin XCVersionGroup section */
		A093942D1E32F50F006C7E2E /* Drop.xcdatamodeld */ = {
			isa = XCVersionGroup;
			children = (
				A093942E1E32F50F006C7E2E /* Drop.xcdatamodel */,
			);
			currentVersion = A093942E1E32F50F006C7E2E /* Drop.xcdatamodel */;
			path = Drop.xcdatamodeld;
			sourceTree = "<group>";
			versionGroupType = wrapper.xcdatamodel;
		};
/* End XCVersionGroup section */
	};
	rootObject = A09797231E20B59900DC3E2D /* Project object */;
}
